
Microsoft Visual Studio Solution File, Format Version 12.00
# Visual Studio Version 17
VisualStudioVersion = 17.3.32804.467
MinimumVisualStudioVersion = 10.0.40219.1
Project("{FAE04EC0-301F-11D3-BF4B-00C04F79EFBC}") = "Reminders.WindowsSoundRepeaterLibrary", "Reminders.WindowsSoundRepeaterLibrary.csproj", "{76C81A4F-4631-46CF-AFD8-5AB30D34C8EA}"
EndProject
Global
	GlobalSection(SolutionConfigurationPlatforms) = preSolution
		Debug|Any CPU = Debug|Any CPU
		Release|Any CPU = Release|Any CPU
	EndGlobalSection
	GlobalSection(ProjectConfigurationPlatforms) = postSolution
		{76C81A4F-4631-46CF-AFD8-5AB30D34C8EA}.Debug|Any CPU.ActiveCfg = Debug|Any CPU
		{76C81A4F-4631-46CF-AFD8-5AB30D34C8EA}.Debug|Any CPU.Build.0 = Debug|Any CPU
		{76C81A4F-4631-46CF-AFD8-5AB30D34C8EA}.Release|Any CPU.ActiveCfg = Release|Any CPU
		{76C81A4F-4631-46CF-AFD8-5AB30D34C8EA}.Release|Any CPU.Build.0 = Release|Any CPU
	EndGlobalSection
	GlobalSection(SolutionProperties) = preSolution
		HideSolutionNode = FALSE
	EndGlobalSection
	GlobalSection(ExtensibilityGlobals) = postSolution
		SolutionGuid = {5E01C3D6-EDE0-426E-860E-32737C83E63C}
	EndGlobalSection
EndGlobal
